// !$*UTF8*$!
{
	archiveVersion = 1;
	classes = {};
	objectVersion = 56;
	objects = {

		/* Begin PBXBuildFile section */
		A00100010000000000000001 /* MediaDownloaderApp.swift in Sources */ = {isa = PBXBuildFile; fileRef = A00200010000000000000001 /* MediaDownloaderApp.swift */; };
		A00100010000000000000002 /* Models.swift in Sources */ = {isa = PBXBuildFile; fileRef = A00200010000000000000002 /* Models.swift */; };
		A00100010000000000000003 /* MediaDownloadService.swift in Sources */ = {isa = PBXBuildFile; fileRef = A00200010000000000000003 /* MediaDownloadService.swift */; };
		A00100010000000000000004 /* ContentView.swift in Sources */ = {isa = PBXBuildFile; fileRef = A00200010000000000000004 /* ContentView.swift */; };
		A00100010000000000000005 /* DownloadFormView.swift in Sources */ = {isa = PBXBuildFile; fileRef = A00200010000000000000005 /* DownloadFormView.swift */; };
		A00100010000000000000006 /* SettingsView.swift in Sources */ = {isa = PBXBuildFile; fileRef = A00200010000000000000006 /* SettingsView.swift */; };
		A00100010000000000000007 /* NativeMediaScraper.swift in Sources */ = {isa = PBXBuildFile; fileRef = A00200010000000000000008 /* NativeMediaScraper.swift */; };
		A00100010000000000000008 /* LocalFilesView.swift in Sources */ = {isa = PBXBuildFile; fileRef = A00200010000000000000009 /* LocalFilesView.swift */; };
		A00100010000000000000009 /* Assets.xcassets in Resources */ = {isa = PBXBuildFile; fileRef = A00200010000000000000010 /* Assets.xcassets */; };
		A00100010000000000000010 /* AppUpdateService.swift in Sources */ = {isa = PBXBuildFile; fileRef = A00200010000000000000011 /* AppUpdateService.swift */; };
		A00100010000000000000011 /* LaunchScreen.storyboard in Resources */ = {isa = PBXBuildFile; fileRef = A00200010000000000000012 /* LaunchScreen.storyboard */; };
		A00100010000000000000012 /* DownloadPostProcessingService.swift in Sources */ = {isa = PBXBuildFile; fileRef = A00200010000000000000013 /* DownloadPostProcessingService.swift */; };
		A00100010000000000000013 /* ShareTextParser.swift in Sources */ = {isa = PBXBuildFile; fileRef = A00200010000000000000014 /* ShareTextParser.swift */; };
		A00100010000000000000014 /* DownloadStore.swift in Sources */ = {isa = PBXBuildFile; fileRef = A00200010000000000000015 /* DownloadStore.swift */; };
		A00100010000000000000015 /* VersionPolicyService.swift in Sources */ = {isa = PBXBuildFile; fileRef = A00200010000000000000016 /* VersionPolicyService.swift */; };
		A00100010000000000000016 /* DownloadPolicyService.swift in Sources */ = {isa = PBXBuildFile; fileRef = A00200010000000000000017 /* DownloadPolicyService.swift */; };
		/* End PBXBuildFile section */

		/* Begin PBXFileReference section */
		A00200010000000000000001 /* MediaDownloaderApp.swift */ = {isa = PBXFileReference; lastKnownFileType = sourcecode.swift; path = MediaDownloaderApp.swift; sourceTree = "<group>"; };
		A00200010000000000000002 /* Models.swift */ = {isa = PBXFileReference; lastKnownFileType = sourcecode.swift; path = Models.swift; sourceTree = "<group>"; };
		A00200010000000000000003 /* MediaDownloadService.swift */ = {isa = PBXFileReference; lastKnownFileType = sourcecode.swift; path = MediaDownloadService.swift; sourceTree = "<group>"; };
		A00200010000000000000004 /* ContentView.swift */ = {isa = PBXFileReference; lastKnownFileType = sourcecode.swift; path = ContentView.swift; sourceTree = "<group>"; };
		A00200010000000000000005 /* DownloadFormView.swift */ = {isa = PBXFileReference; lastKnownFileType = sourcecode.swift; path = DownloadFormView.swift; sourceTree = "<group>"; };
		A00200010000000000000006 /* SettingsView.swift */ = {isa = PBXFileReference; lastKnownFileType = sourcecode.swift; path = SettingsView.swift; sourceTree = "<group>"; };
		A00200010000000000000007 /* MediaDownloader.app */ = {isa = PBXFileReference; explicitFileType = wrapper.application; includeInIndex = 0; path = MediaDownloader.app; sourceTree = BUILT_PRODUCTS_DIR; };
		A00200010000000000000008 /* NativeMediaScraper.swift */ = {isa = PBXFileReference; lastKnownFileType = sourcecode.swift; path = NativeMediaScraper.swift; sourceTree = "<group>"; };
		A00200010000000000000009 /* LocalFilesView.swift */ = {isa = PBXFileReference; lastKnownFileType = sourcecode.swift; path = LocalFilesView.swift; sourceTree = "<group>"; };
		A00200010000000000000010 /* Assets.xcassets */ = {isa = PBXFileReference; lastKnownFileType = folder.assetcatalog; path = Assets.xcassets; sourceTree = "<group>"; };
		A00200010000000000000011 /* AppUpdateService.swift */ = {isa = PBXFileReference; lastKnownFileType = sourcecode.swift; path = AppUpdateService.swift; sourceTree = "<group>"; };
		A00200010000000000000012 /* LaunchScreen.storyboard */ = {isa = PBXFileReference; lastKnownFileType = file.storyboard; path = LaunchScreen.storyboard; sourceTree = "<group>"; };
		A00200010000000000000013 /* DownloadPostProcessingService.swift */ = {isa = PBXFileReference; lastKnownFileType = sourcecode.swift; path = DownloadPostProcessingService.swift; sourceTree = "<group>"; };
		A00200010000000000000014 /* ShareTextParser.swift */ = {isa = PBXFileReference; lastKnownFileType = sourcecode.swift; path = ShareTextParser.swift; sourceTree = "<group>"; };
		A00200010000000000000015 /* DownloadStore.swift */ = {isa = PBXFileReference; lastKnownFileType = sourcecode.swift; path = DownloadStore.swift; sourceTree = "<group>"; };
		A00200010000000000000016 /* VersionPolicyService.swift */ = {isa = PBXFileReference; lastKnownFileType = sourcecode.swift; path = VersionPolicyService.swift; sourceTree = "<group>"; };
		A00200010000000000000017 /* DownloadPolicyService.swift */ = {isa = PBXFileReference; lastKnownFileType = sourcecode.swift; path = DownloadPolicyService.swift; sourceTree = "<group>"; };
		/* End PBXFileReference section */

		/* Begin PBXFrameworksBuildPhase section */
		A00300010000000000000001 /* Frameworks */ = {
			isa = PBXFrameworksBuildPhase;
			buildActionMask = 2147483647;
			files = ();
			runOnlyForDeploymentPostprocessing = 0;
		};
		/* End PBXFrameworksBuildPhase section */

		/* Begin PBXGroup section */
		A00400010000000000000001 = {
			isa = PBXGroup;
			children = (
				A00400010000000000000002 /* MediaDownloader */,
				A00400010000000000000007 /* MediaDownloaderCore */,
				A00400010000000000000005 /* Products */,
			);
			sourceTree = "<group>";
		};
		A00400010000000000000002 /* MediaDownloader */ = {
			isa = PBXGroup;
			children = (
				A00200010000000000000001 /* MediaDownloaderApp.swift */,
				A00400010000000000000003 /* Models */,
				A00400010000000000000004 /* Services */,
				A00410000000000000000006 /* Views */,
				A00200010000000000000010 /* Assets.xcassets */,
				A00200010000000000000012 /* LaunchScreen.storyboard */,
			);
			path = MediaDownloader;
			sourceTree = "<group>";
		};
		A00400010000000000000003 /* Models */ = {
			isa = PBXGroup;
			children = (A00200010000000000000015 /* DownloadStore.swift */,);
			path = Models;
			sourceTree = "<group>";
		};
		A00400010000000000000004 /* Services */ = {
			isa = PBXGroup;
			children = (
				A00200010000000000000011 /* AppUpdateService.swift */,
				A00200010000000000000013 /* DownloadPostProcessingService.swift */,
				A00200010000000000000016 /* VersionPolicyService.swift */,
				A00200010000000000000017 /* DownloadPolicyService.swift */,
			);
			path = Services;
			sourceTree = "<group>";
		};
		A00410000000000000000006 /* Views */ = {
			isa = PBXGroup;
			children = (
				A00200010000000000000004 /* ContentView.swift */,
				A00200010000000000000005 /* DownloadFormView.swift */,
				A00200010000000000000006 /* SettingsView.swift */,
				A00200010000000000000009 /* LocalFilesView.swift */,
			);
			path = Views;
			sourceTree = "<group>";
		};
		A00400010000000000000005 /* Products */ = {
			isa = PBXGroup;
			children = (A00200010000000000000007 /* MediaDownloader.app */,);
			name = Products;
			sourceTree = "<group>";
		};
		A00400010000000000000007 /* MediaDownloaderCore */ = {
			isa = PBXGroup;
			children = (
				A00200010000000000000014 /* ShareTextParser.swift */,
				A00200010000000000000008 /* NativeMediaScraper.swift */,
				A00200010000000000000003 /* MediaDownloadService.swift */,
				A00200010000000000000002 /* Models.swift */,
			);
			name = MediaDownloaderCore;
			path = ../../apple/Sources/MediaDownloaderCore;
			sourceTree = "<group>";
		};
		/* End PBXGroup section */

		/* Begin PBXNativeTarget section */
		A00500010000000000000001 /* MediaDownloader */ = {
			isa = PBXNativeTarget;
			buildConfigurationList = A00600010000000000000002 /* Build configuration list for PBXNativeTarget "MediaDownloader" */;
			buildPhases = (
				A00700010000000000000001 /* Sources */,
				A00300010000000000000001 /* Frameworks */,
				A00800010000000000000001 /* Resources */,
			);
			buildRules = ();
			dependencies = ();
			name = MediaDownloader;
			productName = MediaDownloader;
			productReference = A00200010000000000000007 /* MediaDownloader.app */;
			productType = "com.apple.product-type.application";
		};
		/* End PBXNativeTarget section */

		/* Begin PBXProject section */
		A00900010000000000000001 /* Project object */ = {
			isa = PBXProject;
			attributes = { LastUpgradeCheck = 1600; TargetAttributes = { A00500010000000000000001 = { CreatedOnToolsVersion = 16.0; }; }; };
			buildConfigurationList = A00600010000000000000001 /* Build configuration list for PBXProject "MediaDownloader" */;
			compatibilityVersion = "Xcode 14.0";
			developmentRegion = en;
			hasScannedForEncodings = 0;
			knownRegions = (en, Base, zh-Hans,);
			mainGroup = A00400010000000000000001;
			productRefGroup = A00400010000000000000005 /* Products */;
			projectDirPath = "";
			projectRoot = "";
			targets = (A00500010000000000000001 /* MediaDownloader */,);
		};
		/* End PBXProject section */

		/* Begin PBXResourcesBuildPhase section */
		A00800010000000000000001 /* Resources */ = {
			isa = PBXResourcesBuildPhase;
			buildActionMask = 2147483647;
			files = (
				A00100010000000000000009 /* Assets.xcassets in Resources */,
				A00100010000000000000011 /* LaunchScreen.storyboard in Resources */,
			);
			runOnlyForDeploymentPostprocessing = 0;
		};
		/* End PBXResourcesBuildPhase section */

		/* Begin PBXSourcesBuildPhase section */
		A00700010000000000000001 /* Sources */ = {
			isa = PBXSourcesBuildPhase;
			buildActionMask = 2147483647;
			files = (
				A00100010000000000000001 /* MediaDownloaderApp.swift in Sources */,
				A00100010000000000000002 /* Models.swift in Sources */,
				A00100010000000000000003 /* MediaDownloadService.swift in Sources */,
				A00100010000000000000004 /* ContentView.swift in Sources */,
				A00100010000000000000005 /* DownloadFormView.swift in Sources */,
				A00100010000000000000006 /* SettingsView.swift in Sources */,
				A00100010000000000000007 /* NativeMediaScraper.swift in Sources */,
				A00100010000000000000008 /* LocalFilesView.swift in Sources */,
				A00100010000000000000010 /* AppUpdateService.swift in Sources */,
				A00100010000000000000012 /* DownloadPostProcessingService.swift in Sources */,
				A00100010000000000000013 /* ShareTextParser.swift in Sources */,
				A00100010000000000000014 /* DownloadStore.swift in Sources */,
				A00100010000000000000015 /* VersionPolicyService.swift in Sources */,
				A00100010000000000000016 /* DownloadPolicyService.swift in Sources */,
			);
			runOnlyForDeploymentPostprocessing = 0;
		};
		/* End PBXSourcesBuildPhase section */

		/* Begin XCBuildConfiguration section */
		A01000010000000000000001 /* Debug */ = {
			isa = XCBuildConfiguration;
			buildSettings = {
				ALWAYS_SEARCH_USER_PATHS = NO;
				CLANG_ENABLE_MODULES = YES;
				CLANG_ENABLE_OBJC_ARC = YES;
				DEBUG_INFORMATION_FORMAT = dwarf;
				GCC_C_LANGUAGE_STANDARD = gnu17;
				GCC_NO_COMMON_BLOCKS = YES;
				SWIFT_OPTIMIZATION_LEVEL = "-Onone";
			};
			name = Debug;
		};
		A01000010000000000000002 /* Release */ = {
			isa = XCBuildConfiguration;
			buildSettings = {
				ALWAYS_SEARCH_USER_PATHS = NO;
				CLANG_ENABLE_MODULES = YES;
				CLANG_ENABLE_OBJC_ARC = YES;
				DEBUG_INFORMATION_FORMAT = "dwarf-with-dsym";
				GCC_C_LANGUAGE_STANDARD = gnu17;
				GCC_NO_COMMON_BLOCKS = YES;
				SWIFT_COMPILATION_MODE = wholemodule;
			};
			name = Release;
		};
		A01000010000000000000003 /* Debug */ = {
			isa = XCBuildConfiguration;
			buildSettings = {
				ASSETCATALOG_COMPILER_APPICON_NAME = AppIcon;
				CODE_SIGN_STYLE = Automatic;
				CURRENT_PROJECT_VERSION = 1;
				DEVELOPMENT_TEAM = "";
				GENERATE_INFOPLIST_FILE = YES;
				INFOPLIST_KEY_CFBundleDisplayName = MediaDownloader;
				INFOPLIST_KEY_LSSupportsOpeningDocumentsInPlace = YES;
				INFOPLIST_KEY_UIFileSharingEnabled = YES;
				INFOPLIST_KEY_LSApplicationCategoryType = "public.app-category.utilities";
				INFOPLIST_KEY_NSPhotoLibraryAddUsageDescription = "用于在你开启选项后，将下载完成的图片和视频额外保存到系统照片。";
				INFOPLIST_KEY_UILaunchStoryboardName = LaunchScreen;
				INFOPLIST_KEY_UIRequiresFullScreen = YES;
				IPHONEOS_DEPLOYMENT_TARGET = 17.0;
				MARKETING_VERSION = 2.0.0;
				PRODUCT_BUNDLE_IDENTIFIER = com.xynrin.MediaDownloader;
				PRODUCT_NAME = "$(TARGET_NAME)";
				SDKROOT = iphoneos;
				SUPPORTED_PLATFORMS = "iphoneos iphonesimulator";
				SWIFT_EMIT_LOC_STRINGS = YES;
				SWIFT_VERSION = 5.0;
				TARGETED_DEVICE_FAMILY = "1,2";
			};
			name = Debug;
		};
		A01000010000000000000004 /* Release */ = {
			isa = XCBuildConfiguration;
			buildSettings = {
				ASSETCATALOG_COMPILER_APPICON_NAME = AppIcon;
				CODE_SIGN_STYLE = Automatic;
				CURRENT_PROJECT_VERSION = 1;
				DEVELOPMENT_TEAM = "";
				GENERATE_INFOPLIST_FILE = YES;
				INFOPLIST_KEY_CFBundleDisplayName = MediaDownloader;
				INFOPLIST_KEY_LSSupportsOpeningDocumentsInPlace = YES;
				INFOPLIST_KEY_UIFileSharingEnabled = YES;
				INFOPLIST_KEY_LSApplicationCategoryType = "public.app-category.utilities";
				INFOPLIST_KEY_NSPhotoLibraryAddUsageDescription = "用于在你开启选项后，将下载完成的图片和视频额外保存到系统照片。";
				INFOPLIST_KEY_UILaunchStoryboardName = LaunchScreen;
				INFOPLIST_KEY_UIRequiresFullScreen = YES;
				IPHONEOS_DEPLOYMENT_TARGET = 17.0;
				MARKETING_VERSION = 2.0.0;
				PRODUCT_BUNDLE_IDENTIFIER = com.xynrin.MediaDownloader;
				PRODUCT_NAME = "$(TARGET_NAME)";
				SDKROOT = iphoneos;
				SUPPORTED_PLATFORMS = "iphoneos iphonesimulator";
				SWIFT_EMIT_LOC_STRINGS = YES;
				SWIFT_VERSION = 5.0;
				TARGETED_DEVICE_FAMILY = "1,2";
			};
			name = Release;
		};
		/* End XCBuildConfiguration section */

		/* Begin XCConfigurationList section */
		A00600010000000000000001 /* Build configuration list for PBXProject "MediaDownloader" */ = {
			isa = XCConfigurationList;
			buildConfigurations = (A01000010000000000000001 /* Debug */, A01000010000000000000002 /* Release */,);
			defaultConfigurationIsVisible = 0;
			defaultConfigurationName = Release;
		};
		A00600010000000000000002 /* Build configuration list for PBXNativeTarget "MediaDownloader" */ = {
			isa = XCConfigurationList;
			buildConfigurations = (A01000010000000000000003 /* Debug */, A01000010000000000000004 /* Release */,);
			defaultConfigurationIsVisible = 0;
			defaultConfigurationName = Release;
		};
		/* End XCConfigurationList section */
	};
	rootObject = A00900010000000000000001 /* Project object */;
}
